
Microsoft Visual Studio Solution File, Format Version 11.00
# Visual Studio 2010
Project("{FAE04EC0-301F-11D3-BF4B-00C04F79EFBC}") = "Control.Common", "Control.Common\Control.Common.csproj", "{CBB5DE48-A305-4F9C-88F3-F0F071AC3298}"
EndProject
Project("{FAE04EC0-301F-11D3-BF4B-00C04F79EFBC}") = "Control.Series", "Control.Series\Control.Series.csproj", "{F1A8B1CE-B30B-4DC8-BB12-D4EB53E53763}"
EndProject
Project("{FAE04EC0-301F-11D3-BF4B-00C04F79EFBC}") = "Control.MailSync", "Control.MailSync\Control.MailSync.csproj", "{F03A89B1-EEC4-4121-A6DB-61F729BED16B}"
EndProject
Project("{FAE04EC0-301F-11D3-BF4B-00C04F79EFBC}") = "Control", "Control\Control.csproj", "{63C0126A-4870-4769-B6F7-C22179DB5445}"
EndProject
Project("{FAE04EC0-301F-11D3-BF4B-00C04F79EFBC}") = "Control.Git", "Control.Git\Control.Git.csproj", "{E1FCC8DF-A8D5-4671-BE92-BC34276ECA5F}"
EndProject
Project("{FAE04EC0-301F-11D3-BF4B-00C04F79EFBC}") = "Control.Install", "Control.Install\Control.Install.csproj", "{9BB662D5-9C55-485F-B714-E5A4625ADD97}"
EndProject
Project("{FAE04EC0-301F-11D3-BF4B-00C04F79EFBC}") = "Control.Logging", "Control.Logging\Control.Logging.csproj", "{F6161FB1-78A3-4439-A71C-3DECEF250A74}"
EndProject
Project("{FAE04EC0-301F-11D3-BF4B-00C04F79EFBC}") = "Control.FileSync", "Control.FileSync\Control.FileSync.csproj", "{34F8AD42-90C2-4CC1-B7A2-047AD1874BAD}"
EndProject
Project("{FAE04EC0-301F-11D3-BF4B-00C04F79EFBC}") = "Control.Compatibility.Linux", "Control.Compatibility.Linux\Control.Compatibility.Linux.csproj", "{A556FC86-97B1-4D41-9E1F-02D4FD01A7A0}"
EndProject
Project("{FAE04EC0-301F-11D3-BF4B-00C04F79EFBC}") = "Control.GoogleSync", "Control.GoogleSync\Control.GoogleSync.csproj", "{B5516B19-633A-4601-8698-61AC2CBD6865}"
EndProject
Global
	GlobalSection(SolutionConfigurationPlatforms) = preSolution
		Debug|Any CPU = Debug|Any CPU
		Release|Any CPU = Release|Any CPU
	EndGlobalSection
	GlobalSection(ProjectConfigurationPlatforms) = postSolution
		{34F8AD42-90C2-4CC1-B7A2-047AD1874BAD}.Debug|Any CPU.ActiveCfg = Debug|Any CPU
		{34F8AD42-90C2-4CC1-B7A2-047AD1874BAD}.Debug|Any CPU.Build.0 = Debug|Any CPU
		{34F8AD42-90C2-4CC1-B7A2-047AD1874BAD}.Release|Any CPU.ActiveCfg = Release|Any CPU
		{34F8AD42-90C2-4CC1-B7A2-047AD1874BAD}.Release|Any CPU.Build.0 = Release|Any CPU
		{63C0126A-4870-4769-B6F7-C22179DB5445}.Debug|Any CPU.ActiveCfg = Debug|Any CPU
		{63C0126A-4870-4769-B6F7-C22179DB5445}.Debug|Any CPU.Build.0 = Debug|Any CPU
		{63C0126A-4870-4769-B6F7-C22179DB5445}.Release|Any CPU.ActiveCfg = Release|Any CPU
		{63C0126A-4870-4769-B6F7-C22179DB5445}.Release|Any CPU.Build.0 = Release|Any CPU
		{9BB662D5-9C55-485F-B714-E5A4625ADD97}.Debug|Any CPU.ActiveCfg = Debug|Any CPU
		{9BB662D5-9C55-485F-B714-E5A4625ADD97}.Debug|Any CPU.Build.0 = Debug|Any CPU
		{9BB662D5-9C55-485F-B714-E5A4625ADD97}.Release|Any CPU.ActiveCfg = Release|Any CPU
		{9BB662D5-9C55-485F-B714-E5A4625ADD97}.Release|Any CPU.Build.0 = Release|Any CPU
		{A556FC86-97B1-4D41-9E1F-02D4FD01A7A0}.Debug|Any CPU.ActiveCfg = Debug|Any CPU
		{A556FC86-97B1-4D41-9E1F-02D4FD01A7A0}.Debug|Any CPU.Build.0 = Debug|Any CPU
		{A556FC86-97B1-4D41-9E1F-02D4FD01A7A0}.Release|Any CPU.ActiveCfg = Release|Any CPU
		{A556FC86-97B1-4D41-9E1F-02D4FD01A7A0}.Release|Any CPU.Build.0 = Release|Any CPU
		{B5516B19-633A-4601-8698-61AC2CBD6865}.Debug|Any CPU.ActiveCfg = Debug|Any CPU
		{B5516B19-633A-4601-8698-61AC2CBD6865}.Debug|Any CPU.Build.0 = Debug|Any CPU
		{B5516B19-633A-4601-8698-61AC2CBD6865}.Release|Any CPU.ActiveCfg = Release|Any CPU
		{B5516B19-633A-4601-8698-61AC2CBD6865}.Release|Any CPU.Build.0 = Release|Any CPU
		{CBB5DE48-A305-4F9C-88F3-F0F071AC3298}.Debug|Any CPU.ActiveCfg = Debug|Any CPU
		{CBB5DE48-A305-4F9C-88F3-F0F071AC3298}.Debug|Any CPU.Build.0 = Debug|Any CPU
		{CBB5DE48-A305-4F9C-88F3-F0F071AC3298}.Release|Any CPU.ActiveCfg = Release|Any CPU
		{CBB5DE48-A305-4F9C-88F3-F0F071AC3298}.Release|Any CPU.Build.0 = Release|Any CPU
		{E1FCC8DF-A8D5-4671-BE92-BC34276ECA5F}.Debug|Any CPU.ActiveCfg = Debug|Any CPU
		{E1FCC8DF-A8D5-4671-BE92-BC34276ECA5F}.Debug|Any CPU.Build.0 = Debug|Any CPU
		{E1FCC8DF-A8D5-4671-BE92-BC34276ECA5F}.Release|Any CPU.ActiveCfg = Release|Any CPU
		{E1FCC8DF-A8D5-4671-BE92-BC34276ECA5F}.Release|Any CPU.Build.0 = Release|Any CPU
		{F03A89B1-EEC4-4121-A6DB-61F729BED16B}.Debug|Any CPU.ActiveCfg = Debug|Any CPU
		{F03A89B1-EEC4-4121-A6DB-61F729BED16B}.Debug|Any CPU.Build.0 = Debug|Any CPU
		{F03A89B1-EEC4-4121-A6DB-61F729BED16B}.Release|Any CPU.ActiveCfg = Release|Any CPU
		{F03A89B1-EEC4-4121-A6DB-61F729BED16B}.Release|Any CPU.Build.0 = Release|Any CPU
		{F1A8B1CE-B30B-4DC8-BB12-D4EB53E53763}.Debug|Any CPU.ActiveCfg = Debug|Any CPU
		{F1A8B1CE-B30B-4DC8-BB12-D4EB53E53763}.Debug|Any CPU.Build.0 = Debug|Any CPU
		{F1A8B1CE-B30B-4DC8-BB12-D4EB53E53763}.Release|Any CPU.ActiveCfg = Release|Any CPU
		{F1A8B1CE-B30B-4DC8-BB12-D4EB53E53763}.Release|Any CPU.Build.0 = Release|Any CPU
		{F6161FB1-78A3-4439-A71C-3DECEF250A74}.Debug|Any CPU.ActiveCfg = Debug|Any CPU
		{F6161FB1-78A3-4439-A71C-3DECEF250A74}.Debug|Any CPU.Build.0 = Debug|Any CPU
		{F6161FB1-78A3-4439-A71C-3DECEF250A74}.Release|Any CPU.ActiveCfg = Release|Any CPU
		{F6161FB1-78A3-4439-A71C-3DECEF250A74}.Release|Any CPU.Build.0 = Release|Any CPU
	EndGlobalSection
	GlobalSection(MonoDevelopProperties) = preSolution
		StartupItem = Control\Control.csproj
	EndGlobalSection
EndGlobal
